
Microsoft Visual Studio Solution File, Format Version 12.00
# Visual Studio Version 16
VisualStudioVersion = 16.0.30011.22
MinimumVisualStudioVersion = 10.0.40219.1
Project("{FAE04EC0-301F-11D3-BF4B-00C04F79EFBC}") = "aspnetcorelinuxdemo", "aspnetcorelinuxdemo\aspnetcorelinuxdemo.csproj", "{D49BAA5B-F239-40FF-B69F-955177268D57}"
EndProject
Global
	GlobalSection(SolutionConfigurationPlatforms) = preSolution
		Debug|Any CPU = Debug|Any CPU
		Release|Any CPU = Release|Any CPU
	EndGlobalSection
	GlobalSection(ProjectConfigurationPlatforms) = postSolution
		{D49BAA5B-F239-40FF-B69F-955177268D57}.Debug|Any CPU.ActiveCfg = Debug|Any CPU
		{D49BAA5B-F239-40FF-B69F-955177268D57}.Debug|Any CPU.Build.0 = Debug|Any CPU
		{D49BAA5B-F239-40FF-B69F-955177268D57}.Release|Any CPU.ActiveCfg = Release|Any CPU
		{D49BAA5B-F239-40FF-B69F-955177268D57}.Release|Any CPU.Build.0 = Release|Any CPU
	EndGlobalSection
	GlobalSection(SolutionProperties) = preSolution
		HideSolutionNode = FALSE
	EndGlobalSection
	GlobalSection(ExtensibilityGlobals) = postSolution
		SolutionGuid = {09AEA4DD-3DBC-4495-ACDA-CEAEB41CF38F}
	EndGlobalSection
EndGlobal
